
Microsoft Visual Studio Solution File, Format Version 12.00
# Visual Studio Version 17
VisualStudioVersion = 17.14.36408.4 d17.14
MinimumVisualStudioVersion = 10.0.40219.1
Project("{FAE04EC0-301F-11D3-BF4B-00C04F79EFBC}") = "MetaStock", "MetaStock.csproj", "{BE4EA65D-7155-49E3-A479-8BD67911E1B8}"
EndProject
Global
	GlobalSection(SolutionConfigurationPlatforms) = preSolution
		Debug|Any CPU = Debug|Any CPU
		Release|Any CPU = Release|Any CPU
	EndGlobalSection
	GlobalSection(ProjectConfigurationPlatforms) = postSolution
		{BE4EA65D-7155-49E3-A479-8BD67911E1B8}.Debug|Any CPU.ActiveCfg = Debug|Any CPU
		{BE4EA65D-7155-49E3-A479-8BD67911E1B8}.Debug|Any CPU.Build.0 = Debug|Any CPU
		{BE4EA65D-7155-49E3-A479-8BD67911E1B8}.Release|Any CPU.ActiveCfg = Release|Any CPU
		{BE4EA65D-7155-49E3-A479-8BD67911E1B8}.Release|Any CPU.Build.0 = Release|Any CPU
	EndGlobalSection
	GlobalSection(SolutionProperties) = preSolution
		HideSolutionNode = FALSE
	EndGlobalSection
	GlobalSection(ExtensibilityGlobals) = postSolution
		SolutionGuid = {158C4F69-43AF-48E0-9AFB-76178B33C367}
	EndGlobalSection
EndGlobal
