
Microsoft Visual Studio Solution File, Format Version 12.00
# Visual Studio Version 17
VisualStudioVersion = 17.0.31903.59
MinimumVisualStudioVersion = 10.0.40219.1
Project("{2150E333-8FDC-42A3-9474-1A3956D46DE8}") = "metastock-api", "metastock-api", "{C1E63A73-B2CB-E5B3-0A9F-979DBBE8AEED}"
EndProject
Project("{FAE04EC0-301F-11D3-BF4B-00C04F79EFBC}") = "MetaStock", "metastock-api\MetaStock.csproj", "{E788AD6A-66E4-4329-9D19-8611E434B6B9}"
EndProject
Project("{FAE04EC0-301F-11D3-BF4B-00C04F79EFBC}") = "metastock-sync", "metastock-sync\metastock-sync.csproj", "{3E9A4902-8897-437D-90E4-DEA6513A6A41}"
EndProject
Global
	GlobalSection(SolutionConfigurationPlatforms) = preSolution
		Debug|Any CPU = Debug|Any CPU
		Debug|x64 = Debug|x64
		Debug|x86 = Debug|x86
		Release|Any CPU = Release|Any CPU
		Release|x64 = Release|x64
		Release|x86 = Release|x86
	EndGlobalSection
	GlobalSection(ProjectConfigurationPlatforms) = postSolution
		{E788AD6A-66E4-4329-9D19-8611E434B6B9}.Debug|Any CPU.ActiveCfg = Debug|Any CPU
		{E788AD6A-66E4-4329-9D19-8611E434B6B9}.Debug|Any CPU.Build.0 = Debug|Any CPU
		{E788AD6A-66E4-4329-9D19-8611E434B6B9}.Debug|x64.ActiveCfg = Debug|Any CPU
		{E788AD6A-66E4-4329-9D19-8611E434B6B9}.Debug|x64.Build.0 = Debug|Any CPU
		{E788AD6A-66E4-4329-9D19-8611E434B6B9}.Debug|x86.ActiveCfg = Debug|Any CPU
		{E788AD6A-66E4-4329-9D19-8611E434B6B9}.Debug|x86.Build.0 = Debug|Any CPU
		{E788AD6A-66E4-4329-9D19-8611E434B6B9}.Release|Any CPU.ActiveCfg = Release|Any CPU
		{E788AD6A-66E4-4329-9D19-8611E434B6B9}.Release|Any CPU.Build.0 = Release|Any CPU
		{E788AD6A-66E4-4329-9D19-8611E434B6B9}.Release|x64.ActiveCfg = Release|Any CPU
		{E788AD6A-66E4-4329-9D19-8611E434B6B9}.Release|x64.Build.0 = Release|Any CPU
		{E788AD6A-66E4-4329-9D19-8611E434B6B9}.Release|x86.ActiveCfg = Release|Any CPU
		{E788AD6A-66E4-4329-9D19-8611E434B6B9}.Release|x86.Build.0 = Release|Any CPU
		{3E9A4902-8897-437D-90E4-DEA6513A6A41}.Debug|Any CPU.ActiveCfg = Debug|Any CPU
		{3E9A4902-8897-437D-90E4-DEA6513A6A41}.Debug|Any CPU.Build.0 = Debug|Any CPU
		{3E9A4902-8897-437D-90E4-DEA6513A6A41}.Debug|x64.ActiveCfg = Debug|Any CPU
		{3E9A4902-8897-437D-90E4-DEA6513A6A41}.Debug|x64.Build.0 = Debug|Any CPU
		{3E9A4902-8897-437D-90E4-DEA6513A6A41}.Debug|x86.ActiveCfg = Debug|Any CPU
		{3E9A4902-8897-437D-90E4-DEA6513A6A41}.Debug|x86.Build.0 = Debug|Any CPU
		{3E9A4902-8897-437D-90E4-DEA6513A6A41}.Release|Any CPU.ActiveCfg = Release|Any CPU
		{3E9A4902-8897-437D-90E4-DEA6513A6A41}.Release|Any CPU.Build.0 = Release|Any CPU
		{3E9A4902-8897-437D-90E4-DEA6513A6A41}.Release|x64.ActiveCfg = Release|Any CPU
		{3E9A4902-8897-437D-90E4-DEA6513A6A41}.Release|x64.Build.0 = Release|Any CPU
		{3E9A4902-8897-437D-90E4-DEA6513A6A41}.Release|x86.ActiveCfg = Release|Any CPU
		{3E9A4902-8897-437D-90E4-DEA6513A6A41}.Release|x86.Build.0 = Release|Any CPU
	EndGlobalSection
	GlobalSection(SolutionProperties) = preSolution
		HideSolutionNode = FALSE
	EndGlobalSection
	GlobalSection(NestedProjects) = preSolution
		{E788AD6A-66E4-4329-9D19-8611E434B6B9} = {C1E63A73-B2CB-E5B3-0A9F-979DBBE8AEED}
	EndGlobalSection
EndGlobal
